// !$*UTF8*$!
{
	archiveVersion = 1;
	classes = {
	};
	objectVersion = 50;
	objects = {

/* Begin PBXBuildFile section */
		7751377826A71E3300CCB17A /* AppDelegate.swift in Sources */ = {isa = PBXBuildFile; fileRef = 7751377726A71E3300CCB17A /* AppDelegate.swift */; };
		7751377A26A71E3300CCB17A /* SceneDelegate.swift in Sources */ = {isa = PBXBuildFile; fileRef = 7751377926A71E3300CCB17A /* SceneDelegate.swift */; };
		7751377C26A71E3300CCB17A /* ViewController.swift in Sources */ = {isa = PBXBuildFile; fileRef = 7751377B26A71E3300CCB17A /* ViewController.swift */; };
		7751377F26A71E3300CCB17A /* Main.storyboard in Resources */ = {isa = PBXBuildFile; fileRef = 7751377D26A71E3300CCB17A /* Main.storyboard */; };
		7751378226A71E3300CCB17A /* code_2.xcdatamodeld in Sources */ = {isa = PBXBuildFile; fileRef = 7751378026A71E3300CCB17A /* code_2.xcdatamodeld */; };
		7751378426A71E3B00CCB17A /* Assets.xcassets in Resources */ = {isa = PBXBuildFile; fileRef = 7751378326A71E3B00CCB17A /* Assets.xcassets */; };
		7751378726A71E3B00CCB17A /* LaunchScreen.storyboard in Resources */ = {isa = PBXBuildFile; fileRef = 7751378526A71E3B00CCB17A /* LaunchScreen.storyboard */; };
/* End PBXBuildFile section */

/* Begin PBXFileReference section */
		7751377426A71E3300CCB17A /* code 2.app */ = {isa = PBXFileReference; explicitFileType = wrapper.application; includeInIndex = 0; path = "code 2.app"; sourceTree = BUILT_PRODUCTS_DIR; };
		7751377726A71E3300CCB17A /* AppDelegate.swift */ = {isa = PBXFileReference; lastKnownFileType = sourcecode.swift; path = AppDelegate.swift; sourceTree = "<group>"; };
		7751377926A71E3300CCB17A /* SceneDelegate.swift */ = {isa = PBXFileReference; lastKnownFileType = sourcecode.swift; path = SceneDelegate.swift; sourceTree = "<group>"; };
		7751377B26A71E3300CCB17A /* ViewController.swift */ = {isa = PBXFileReference; lastKnownFileType = sourcecode.swift; path = ViewController.swift; sourceTree = "<group>"; };
		7751377E26A71E3300CCB17A /* Base */ = {isa = PBXFileReference; lastKnownFileType = file.storyboard; name = Base; path = Base.lproj/Main.storyboard; sourceTree = "<group>"; };
		7751378126A71E3300CCB17A /* code_2.xcdatamodel */ = {isa = PBXFileReference; lastKnownFileType = wrapper.xcdatamodel; path = code_2.xcdatamodel; sourceTree = "<group>"; };
		7751378326A71E3B00CCB17A /* Assets.xcassets */ = {isa = PBXFileReference; lastKnownFileType = folder.assetcatalog; path = Assets.xcassets; sourceTree = "<group>"; };
		7751378626A71E3B00CCB17A /* Base */ = {isa = PBXFileReference; lastKnownFileType = file.storyboard; name = Base; path = Base.lproj/LaunchScreen.storyboard; sourceTree = "<group>"; };
		7751378826A71E3B00CCB17A /* Info.plist */ = {isa = PBXFileReference; lastKnownFileType = text.plist.xml; path = Info.plist; sourceTree = "<group>"; };
/* End PBXFileReference section */

/* Begin PBXFrameworksBuildPhase section */
		7751377126A71E3300CCB17A /* Frameworks */ = {
			isa = PBXFrameworksBuildPhase;
			buildActionMask = 2147483647;
			files = (
			);
			runOnlyForDeploymentPostprocessing = 0;
		};
/* End PBXFrameworksBuildPhase section */

/* Begin PBXGroup section */
		7751376B26A71E3300CCB17A = {
			isa = PBXGroup;
			children = (
				7751377626A71E3300CCB17A /* code 2 */,
				7751377526A71E3300CCB17A /* Products */,
			);
			sourceTree = "<group>";
		};
		7751377526A71E3300CCB17A /* Products */ = {
			isa = PBXGroup;
			children = (
				7751377426A71E3300CCB17A /* code 2.app */,
			);
			name = Products;
			sourceTree = "<group>";
		};
		7751377626A71E3300CCB17A /* code 2 */ = {
			isa = PBXGroup;
			children = (
				7751377726A71E3300CCB17A /* AppDelegate.swift */,
				7751377926A71E3300CCB17A /* SceneDelegate.swift */,
				7751377B26A71E3300CCB17A /* ViewController.swift */,
				7751377D26A71E3300CCB17A /* Main.storyboard */,
				7751378326A71E3B00CCB17A /* Assets.xcassets */,
				7751378526A71E3B00CCB17A /* LaunchScreen.storyboard */,
				7751378826A71E3B00CCB17A /* Info.plist */,
				7751378026A71E3300CCB17A /* code_2.xcdatamodeld */,
			);
			path = "code 2";
			sourceTree = "<group>";
		};
/* End PBXGroup section */

/* Begin PBXNativeTarget section */
		7751377326A71E3300CCB17A /* code 2 */ = {
			isa = PBXNativeTarget;
			buildConfigurationList = 7751378B26A71E3B00CCB17A /* Build configuration list for PBXNativeTarget "code 2" */;
			buildPhases = (
				7751377026A71E3300CCB17A /* Sources */,
				7751377126A71E3300CCB17A /* Frameworks */,
				7751377226A71E3300CCB17A /* Resources */,
			);
			buildRules = (
			);
			dependencies = (
			);
			name = "code 2";
			productName = "code 2";
			productReference = 7751377426A71E3300CCB17A /* code 2.app */;
			productType = "com.apple.product-type.application";
		};
/* End PBXNativeTarget section */

/* Begin PBXProject section */
		7751376C26A71E3300CCB17A /* Project object */ = {
			isa = PBXProject;
			attributes = {
				LastSwiftUpdateCheck = 1130;
				LastUpgradeCheck = 1130;
				ORGANIZATIONNAME = "Goblin Jablonski";
				TargetAttributes = {
					7751377326A71E3300CCB17A = {
						CreatedOnToolsVersion = 11.3.1;
					};
				};
			};
			buildConfigurationList = 7751376F26A71E3300CCB17A /* Build configuration list for PBXProject "code 2" */;
			compatibilityVersion = "Xcode 9.3";
			developmentRegion = en;
			hasScannedForEncodings = 0;
			knownRegions = (
				en,
				Base,
			);
			mainGroup = 7751376B26A71E3300CCB17A;
			productRefGroup = 7751377526A71E3300CCB17A /* Products */;
			projectDirPath = "";
			projectRoot = "";
			targets = (
				7751377326A71E3300CCB17A /* code 2 */,
			);
		};
/* End PBXProject section */

/* Begin PBXResourcesBuildPhase section */
		7751377226A71E3300CCB17A /* Resources */ = {
			isa = PBXResourcesBuildPhase;
			buildActionMask = 2147483647;
			files = (
				7751378726A71E3B00CCB17A /* LaunchScreen.storyboard in Resources */,
				7751378426A71E3B00CCB17A /* Assets.xcassets in Resources */,
				7751377F26A71E3300CCB17A /* Main.storyboard in Resources */,
			);
			runOnlyForDeploymentPostprocessing = 0;
		};
/* End PBXResourcesBuildPhase section */

/* Begin PBXSourcesBuildPhase section */
		7751377026A71E3300CCB17A /* Sources */ = {
			isa = PBXSourcesBuildPhase;
			buildActionMask = 2147483647;
			files = (
				7751377C26A71E3300CCB17A /* ViewController.swift in Sources */,
				7751377826A71E3300CCB17A /* AppDelegate.swift in Sources */,
				7751377A26A71E3300CCB17A /* SceneDelegate.swift in Sources */,
				7751378226A71E3300CCB17A /* code_2.xcdatamodeld in Sources */,
			);
			runOnlyForDeploymentPostprocessing = 0;
		};
/* End PBXSourcesBuildPhase section */

/* Begin PBXVariantGroup section */
		7751377D26A71E3300CCB17A /* Main.storyboard */ = {
			isa = PBXVariantGroup;
			children = (
				7751377E26A71E3300CCB17A /* Base */,
			);
			name = Main.storyboard;
			sourceTree = "<group>";
		};
		7751378526A71E3B00CCB17A /* LaunchScreen.storyboard */ = {
			isa = PBXVariantGroup;
			children = (
				7751378626A71E3B00CCB17A /* Base */,
			);
			name = LaunchScreen.storyboard;
			sourceTree = "<group>";
		};
/* End PBXVariantGroup section */

/* Begin XCBuildConfiguration section */
		7751378926A71E3B00CCB17A /* Debug */ = {
			isa = XCBuildConfiguration;
			buildSettings = {
				ALWAYS_SEARCH_USER_PATHS = NO;
				CLANG_ANALYZER_NONNULL = YES;
				CLANG_ANALYZER_NUMBER_OBJECT_CONVERSION = YES_AGGRESSIVE;
				CLANG_CXX_LANGUAGE_STANDARD = "gnu++14";
				CLANG_CXX_LIBRARY = "libc++";
				CLANG_ENABLE_MODULES = YES;
				CLANG_ENABLE_OBJC_ARC = YES;
				CLANG_ENABLE_OBJC_WEAK = YES;
				CLANG_WARN_BLOCK_CAPTURE_AUTORELEASING = YES;
				CLANG_WARN_BOOL_CONVERSION = YES;
				CLANG_WARN_COMMA = YES;
				CLANG_WARN_CONSTANT_CONVERSION = YES;
				CLANG_WARN_DEPRECATED_OBJC_IMPLEMENTATIONS = YES;
				CLANG_WARN_DIRECT_OBJC_ISA_USAGE = YES_ERROR;
				CLANG_WARN_DOCUMENTATION_COMMENTS = YES;
				CLANG_WARN_EMPTY_BODY = YES;
				CLANG_WARN_ENUM_CONVERSION = YES;
				CLANG_WARN_INFINITE_RECURSION = YES;
				CLANG_WARN_INT_CONVERSION = YES;
				CLANG_WARN_NON_LITERAL_NULL_CONVERSION = YES;
				CLANG_WARN_OBJC_IMPLICIT_RETAIN_SELF = YES;
				CLANG_WARN_OBJC_LITERAL_CONVERSION = YES;
				CLANG_WARN_OBJC_ROOT_CLASS = YES_ERROR;
				CLANG_WARN_RANGE_LOOP_ANALYSIS = YES;
				CLANG_WARN_STRICT_PROTOTYPES = YES;
				CLANG_WARN_SUSPICIOUS_MOVE = YES;
				CLANG_WARN_UNGUARDED_AVAILABILITY = YES_AGGRESSIVE;
				CLANG_WARN_UNREACHABLE_CODE = YES;
				CLANG_WARN__DUPLICATE_METHOD_MATCH = YES;
				COPY_PHASE_STRIP = NO;
				DEBUG_INFORMATION_FORMAT = dwarf;
				ENABLE_STRICT_OBJC_MSGSEND = YES;
				ENABLE_TESTABILITY = YES;
				GCC_C_LANGUAGE_STANDARD = gnu11;
				GCC_DYNAMIC_NO_PIC = NO;
				GCC_NO_COMMON_BLOCKS = YES;
				GCC_OPTIMIZATION_LEVEL = 0;
				GCC_PREPROCESSOR_DEFINITIONS = (
					"DEBUG=1",
					"$(inherited)",
				);
				GCC_WARN_64_TO_32_BIT_CONVERSION = YES;
				GCC_WARN_ABOUT_RETURN_TYPE = YES_ERROR;
				GCC_WARN_UNDECLARED_SELECTOR = YES;
				GCC_WARN_UNINITIALIZED_AUTOS = YES_AGGRESSIVE;
				GCC_WARN_UNUSED_FUNCTION = YES;
				GCC_WARN_UNUSED_VARIABLE = YES;
				IPHONEOS_DEPLOYMENT_TARGET = 13.2;
				MTL_ENABLE_DEBUG_INFO = INCLUDE_SOURCE;
				MTL_FAST_MATH = YES;
				ONLY_ACTIVE_ARCH = YES;
				SDKROOT = iphoneos;
				SWIFT_ACTIVE_COMPILATION_CONDITIONS = DEBUG;
				SWIFT_OPTIMIZATION_LEVEL = "-Onone";
			};
			name = Debug;
		};
		7751378A26A71E3B00CCB17A /* Release */ = {
			isa = XCBuildConfiguration;
			buildSettings = {
				ALWAYS_SEARCH_USER_PATHS = NO;
				CLANG_ANALYZER_NONNULL = YES;
				CLANG_ANALYZER_NUMBER_OBJECT_CONVERSION = YES_AGGRESSIVE;
				CLANG_CXX_LANGUAGE_STANDARD = "gnu++14";
				CLANG_CXX_LIBRARY = "libc++";
				CLANG_ENABLE_MODULES = YES;
				CLANG_ENABLE_OBJC_ARC = YES;
				CLANG_ENABLE_OBJC_WEAK = YES;
				CLANG_WARN_BLOCK_CAPTURE_AUTORELEASING = YES;
				CLANG_WARN_BOOL_CONVERSION = YES;
				CLANG_WARN_COMMA = YES;
				CLANG_WARN_CONSTANT_CONVERSION = YES;
				CLANG_WARN_DEPRECATED_OBJC_IMPLEMENTATIONS = YES;
				CLANG_WARN_DIRECT_OBJC_ISA_USAGE = YES_ERROR;
				CLANG_WARN_DOCUMENTATION_COMMENTS = YES;
				CLANG_WARN_EMPTY_BODY = YES;
				CLANG_WARN_ENUM_CONVERSION = YES;
				CLANG_WARN_INFINITE_RECURSION = YES;
				CLANG_WARN_INT_CONVERSION = YES;
				CLANG_WARN_NON_LITERAL_NULL_CONVERSION = YES;
				CLANG_WARN_OBJC_IMPLICIT_RETAIN_SELF = YES;
				CLANG_WARN_OBJC_LITERAL_CONVERSION = YES;
				CLANG_WARN_OBJC_ROOT_CLASS = YES_ERROR;
				CLANG_WARN_RANGE_LOOP_ANALYSIS = YES;
				CLANG_WARN_STRICT_PROTOTYPES = YES;
				CLANG_WARN_SUSPICIOUS_MOVE = YES;
				CLANG_WARN_UNGUARDED_AVAILABILITY = YES_AGGRESSIVE;
				CLANG_WARN_UNREACHABLE_CODE = YES;
				CLANG_WARN__DUPLICATE_METHOD_MATCH = YES;
				COPY_PHASE_STRIP = NO;
				DEBUG_INFORMATION_FORMAT = "dwarf-with-dsym";
				ENABLE_NS_ASSERTIONS = NO;
				ENABLE_STRICT_OBJC_MSGSEND = YES;
				GCC_C_LANGUAGE_STANDARD = gnu11;
				GCC_NO_COMMON_BLOCKS = YES;
				GCC_WARN_64_TO_32_BIT_CONVERSION = YES;
				GCC_WARN_ABOUT_RETURN_TYPE = YES_ERROR;
				GCC_WARN_UNDECLARED_SELECTOR = YES;
				GCC_WARN_UNINITIALIZED_AUTOS = YES_AGGRESSIVE;
				GCC_WARN_UNUSED_FUNCTION = YES;
				GCC_WARN_UNUSED_VARIABLE = YES;
				IPHONEOS_DEPLOYMENT_TARGET = 13.2;
				MTL_ENABLE_DEBUG_INFO = NO;
				MTL_FAST_MATH = YES;
				SDKROOT = iphoneos;
				SWIFT_COMPILATION_MODE = wholemodule;
				SWIFT_OPTIMIZATION_LEVEL = "-O";
				VALIDATE_PRODUCT = YES;
			};
			name = Release;
		};
		7751378C26A71E3B00CCB17A /* Debug */ = {
			isa = XCBuildConfiguration;
			buildSettings = {
				ASSETCATALOG_COMPILER_APPICON_NAME = AppIcon;
				CODE_SIGN_STYLE = Automatic;
				INFOPLIST_FILE = "code 2/Info.plist";
				LD_RUNPATH_SEARCH_PATHS = (
					"$(inherited)",
					"@executable_path/Frameworks",
				);
				PRODUCT_BUNDLE_IDENTIFIER = "none.code-2";
				PRODUCT_NAME = "$(TARGET_NAME)";
				SWIFT_VERSION = 5.0;
				TARGETED_DEVICE_FAMILY = "1,2";
			};
			name = Debug;
		};
		7751378D26A71E3B00CCB17A /* Release */ = {
			isa = XCBuildConfiguration;
			buildSettings = {
				ASSETCATALOG_COMPILER_APPICON_NAME = AppIcon;
				CODE_SIGN_STYLE = Automatic;
				INFOPLIST_FILE = "code 2/Info.plist";
				LD_RUNPATH_SEARCH_PATHS = (
					"$(inherited)",
					"@executable_path/Frameworks",
				);
				PRODUCT_BUNDLE_IDENTIFIER = "none.code-2";
				PRODUCT_NAME = "$(TARGET_NAME)";
				SWIFT_VERSION = 5.0;
				TARGETED_DEVICE_FAMILY = "1,2";
			};
			name = Release;
		};
/* End XCBuildConfiguration section */

/* Begin XCConfigurationList section */
		7751376F26A71E3300CCB17A /* Build configuration list for PBXProject "code 2" */ = {
			isa = XCConfigurationList;
			buildConfigurations = (
				7751378926A71E3B00CCB17A /* Debug */,
				7751378A26A71E3B00CCB17A /* Release */,
			);
			defaultConfigurationIsVisible = 0;
			defaultConfigurationName = Release;
		};
		7751378B26A71E3B00CCB17A /* Build configuration list for PBXNativeTarget "code 2" */ = {
			isa = XCConfigurationList;
			buildConfigurations = (
				7751378C26A71E3B00CCB17A /* Debug */,
				7751378D26A71E3B00CCB17A /* Release */,
			);
			defaultConfigurationIsVisible = 0;
			defaultConfigurationName = Release;
		};
/* End XCConfigurationList section */

/* Begin XCVersionGroup section */
		7751378026A71E3300CCB17A /* code_2.xcdatamodeld */ = {
			isa = XCVersionGroup;
			children = (
				7751378126A71E3300CCB17A /* code_2.xcdatamodel */,
			);
			currentVersion = 7751378126A71E3300CCB17A /* code_2.xcdatamodel */;
			path = code_2.xcdatamodeld;
			sourceTree = "<group>";
			versionGroupType = wrapper.xcdatamodel;
		};
/* End XCVersionGroup section */
	};
	rootObject = 7751376C26A71E3300CCB17A /* Project object */;
}
